
Microsoft Visual Studio Solution File, Format Version 12.00
# Visual Studio Version 17
VisualStudioVersion = 17.4.33213.308
MinimumVisualStudioVersion = 10.0.40219.1
Project("{9A19103F-16F7-4668-BE54-9A1E7A4F7556}") = "Parcer", "Parcer\Parcer.csproj", "{BC4FC204-AEA2-416D-A950-768D37138ACB}"
EndProject
Project("{9A19103F-16F7-4668-BE54-9A1E7A4F7556}") = "SwansonBot", "SwansonBot\SwansonBot.csproj", "{3EF47C81-00F6-49D8-9BB9-815913CDCDB2}"
EndProject
Project("{9A19103F-16F7-4668-BE54-9A1E7A4F7556}") = "EmailSend", "EmailSend\EmailSend.csproj", "{7E1B0C23-B13B-424E-A505-A0124D2DB232}"
EndProject
Project("{FAE04EC0-301F-11D3-BF4B-00C04F79EFBC}") = "Desktop", "Desktop\Desktop.csproj", "{8A85E31D-5F14-41F5-B4F5-893BB0CF48D8}"
EndProject
Global
	GlobalSection(SolutionConfigurationPlatforms) = preSolution
		Debug|Any CPU = Debug|Any CPU
		Release|Any CPU = Release|Any CPU
	EndGlobalSection
	GlobalSection(ProjectConfigurationPlatforms) = postSolution
		{BC4FC204-AEA2-416D-A950-768D37138ACB}.Debug|Any CPU.ActiveCfg = Debug|Any CPU
		{BC4FC204-AEA2-416D-A950-768D37138ACB}.Debug|Any CPU.Build.0 = Debug|Any CPU
		{BC4FC204-AEA2-416D-A950-768D37138ACB}.Release|Any CPU.ActiveCfg = Release|Any CPU
		{BC4FC204-AEA2-416D-A950-768D37138ACB}.Release|Any CPU.Build.0 = Release|Any CPU
		{3EF47C81-00F6-49D8-9BB9-815913CDCDB2}.Debug|Any CPU.ActiveCfg = Debug|Any CPU
		{3EF47C81-00F6-49D8-9BB9-815913CDCDB2}.Debug|Any CPU.Build.0 = Debug|Any CPU
		{3EF47C81-00F6-49D8-9BB9-815913CDCDB2}.Release|Any CPU.ActiveCfg = Release|Any CPU
		{3EF47C81-00F6-49D8-9BB9-815913CDCDB2}.Release|Any CPU.Build.0 = Release|Any CPU
		{7E1B0C23-B13B-424E-A505-A0124D2DB232}.Debug|Any CPU.ActiveCfg = Debug|Any CPU
		{7E1B0C23-B13B-424E-A505-A0124D2DB232}.Debug|Any CPU.Build.0 = Debug|Any CPU
		{7E1B0C23-B13B-424E-A505-A0124D2DB232}.Release|Any CPU.ActiveCfg = Release|Any CPU
		{7E1B0C23-B13B-424E-A505-A0124D2DB232}.Release|Any CPU.Build.0 = Release|Any CPU
		{8A85E31D-5F14-41F5-B4F5-893BB0CF48D8}.Debug|Any CPU.ActiveCfg = Debug|Any CPU
		{8A85E31D-5F14-41F5-B4F5-893BB0CF48D8}.Debug|Any CPU.Build.0 = Debug|Any CPU
		{8A85E31D-5F14-41F5-B4F5-893BB0CF48D8}.Release|Any CPU.ActiveCfg = Release|Any CPU
		{8A85E31D-5F14-41F5-B4F5-893BB0CF48D8}.Release|Any CPU.Build.0 = Release|Any CPU
	EndGlobalSection
	GlobalSection(SolutionProperties) = preSolution
		HideSolutionNode = FALSE
	EndGlobalSection
	GlobalSection(ExtensibilityGlobals) = postSolution
		SolutionGuid = {0CC18232-205A-4260-A92D-4A003C34CFC5}
	EndGlobalSection
EndGlobal
